
Microsoft Visual Studio Solution File, Format Version 12.00
# Visual Studio Version 17
VisualStudioVersion = 17.14.36518.9 d17.14
MinimumVisualStudioVersion = 10.0.40219.1
Project("{54A90642-561A-4BB1-A94E-469ADEE60C69}") = "inventory.client", "inventory.client\inventory.client.esproj", "{20D0ACF3-2DCD-6D66-FEC9-32E86DF8E3DF}"
EndProject
Project("{FAE04EC0-301F-11D3-BF4B-00C04F79EFBC}") = "Inventory.Server", "Inventory.Server\Inventory.Server.csproj", "{66327CC8-D3B0-4C08-B237-19BB878415EF}"
EndProject
Global
	GlobalSection(SolutionConfigurationPlatforms) = preSolution
		Debug|Any CPU = Debug|Any CPU
		Release|Any CPU = Release|Any CPU
	EndGlobalSection
	GlobalSection(ProjectConfigurationPlatforms) = postSolution
		{20D0ACF3-2DCD-6D66-FEC9-32E86DF8E3DF}.Debug|Any CPU.ActiveCfg = Debug|Any CPU
		{20D0ACF3-2DCD-6D66-FEC9-32E86DF8E3DF}.Debug|Any CPU.Build.0 = Debug|Any CPU
		{20D0ACF3-2DCD-6D66-FEC9-32E86DF8E3DF}.Debug|Any CPU.Deploy.0 = Debug|Any CPU
		{20D0ACF3-2DCD-6D66-FEC9-32E86DF8E3DF}.Release|Any CPU.ActiveCfg = Release|Any CPU
		{20D0ACF3-2DCD-6D66-FEC9-32E86DF8E3DF}.Release|Any CPU.Build.0 = Release|Any CPU
		{20D0ACF3-2DCD-6D66-FEC9-32E86DF8E3DF}.Release|Any CPU.Deploy.0 = Release|Any CPU
		{66327CC8-D3B0-4C08-B237-19BB878415EF}.Debug|Any CPU.ActiveCfg = Debug|Any CPU
		{66327CC8-D3B0-4C08-B237-19BB878415EF}.Debug|Any CPU.Build.0 = Debug|Any CPU
		{66327CC8-D3B0-4C08-B237-19BB878415EF}.Release|Any CPU.ActiveCfg = Release|Any CPU
		{66327CC8-D3B0-4C08-B237-19BB878415EF}.Release|Any CPU.Build.0 = Release|Any CPU
	EndGlobalSection
	GlobalSection(SolutionProperties) = preSolution
		HideSolutionNode = FALSE
	EndGlobalSection
	GlobalSection(ExtensibilityGlobals) = postSolution
		SolutionGuid = {F9B34A3C-AAF3-4FCD-8D91-4B89C34DD0DB}
	EndGlobalSection
EndGlobal
